PODS:
  - Flutter (1.0.0)
  - integration_test (0.0.1):
    - Flutter
  - quick_blue (0.0.1):
    - Flutter

DEPENDENCIES:
  - Flutter (from `Flutter`)
  - integration_test (from `.symlinks/plugins/integration_test/ios`)
  - quick_blue (from `.symlinks/plugins/quick_blue/ios`)

EXTERNAL SOURCES:
  Flutter:
    :path: Flutter
  integration_test:
    :path: ".symlinks/plugins/integration_test/ios"
  quick_blue:
    :path: ".symlinks/plugins/quick_blue/ios"

SPEC CHECKSUMS:
  Flutter: e0871f40cf51350855a761d2e70bf5af5b9b5de7
  integration_test: 13825b8a9334a850581300559b8839134b124670
  quick_blue: 3786c0eccb373bf9799ec1b42f495f77199a4e7e

PODFILE CHECKSUM: 819463e6a0290f5a72f145ba7cde16e8b6ef0796

COCOAPODS: 1.14.3
